
Microsoft Visual Studio Solution File, Format Version 12.00
# Visual Studio Version 17
VisualStudioVersion = 17.3.32901.215
MinimumVisualStudioVersion = 10.0.40219.1
Project("{FAE04EC0-301F-11D3-BF4B-00C04F79EFBC}") = "MotasWebRazor", "MotasWebRazor.csproj", "{CA4D0C71-AB78-414E-BB63-AB286413F4ED}"
EndProject
Global
	GlobalSection(SolutionConfigurationPlatforms) = preSolution
		Debug|Any CPU = Debug|Any CPU
		Release|Any CPU = Release|Any CPU
	EndGlobalSection
	GlobalSection(ProjectConfigurationPlatforms) = postSolution
		{CA4D0C71-AB78-414E-BB63-AB286413F4ED}.Debug|Any CPU.ActiveCfg = Debug|Any CPU
		{CA4D0C71-AB78-414E-BB63-AB286413F4ED}.Debug|Any CPU.Build.0 = Debug|Any CPU
		{CA4D0C71-AB78-414E-BB63-AB286413F4ED}.Release|Any CPU.ActiveCfg = Release|Any CPU
		{CA4D0C71-AB78-414E-BB63-AB286413F4ED}.Release|Any CPU.Build.0 = Release|Any CPU
	EndGlobalSection
	GlobalSection(SolutionProperties) = preSolution
		HideSolutionNode = FALSE
	EndGlobalSection
	GlobalSection(ExtensibilityGlobals) = postSolution
		SolutionGuid = {E57DF699-3591-4F5C-8E8B-F5A87624B3F1}
	EndGlobalSection
EndGlobal
